{
    "_readme": [
        "This file locks the dependencies of your project to a known state",
        "Read more about it at http://getcomposer.org/doc/01-basic-usage.md#composer-lock-the-lock-file"
    ],
    "hash": "5a8d9eb7e39ee2f879781771b128e115",
    "packages": [
        {
            "name": "flatplane/bibtexparser",
            "version": "dev-master",
            "source": {
                "type": "git",
                "url": "https://github.com/Gefrierbrand/bibtexparser.git",
                "reference": "51e0fc2c11cb71eb24ec9471cb4676df712d45a1"
            },
            "dist": {
                "type": "zip",
                "url": "https://api.github.com/repos/Gefrierbrand/bibtexparser/zipball/51e0fc2c11cb71eb24ec9471cb4676df712d45a1",
                "reference": "51e0fc2c11cb71eb24ec9471cb4676df712d45a1",
                "shasum": ""
            },
            "require": {
                "php": ">=5.3.0"
            },
            "type": "library",
            "autoload": {
                "psr-4": {
                    "de\\flatplane\\": "classes/"
                }
            },
            "license": [
                "MIT"
            ],
            "authors": [
                {
                    "name": "Nils Werner",
                    "email": "nils.werner@audiolabs-erlangen.de",
                    "homepage": "http://www.audiolabs-erlangen.de",
                    "role": "Developer"
                },
                {
                    "name": "Nikolai Neff",
                    "email": "admin@flatplane.de",
                    "homepage": "https://flatplane.de"
                }
            ],
            "description": "Bibtex parser for PHP 5.3",
            "homepage": "https://github.com/Gefrierbrand/bibtexparser",
            "keywords": [
                "bibtex",
                "latex",
                "parsing"
            ],
            "support": {
                "source": "https://github.com/Gefrierbrand/bibtexparser/tree/master"
            },
            "time": "2014-06-10 11:10:27"
        },
        {
            "name": "sabberworm/php-css-parser",
            "version": "dev-master",
            "source": {
                "type": "git",
                "url": "https://github.com/sabberworm/PHP-CSS-Parser.git",
                "reference": "4c4ab985e372113dbfd0a8192fbd8629bface9bb"
            },
            "dist": {
                "type": "zip",
                "url": "https://api.github.com/repos/sabberworm/PHP-CSS-Parser/zipball/4c4ab985e372113dbfd0a8192fbd8629bface9bb",
                "reference": "4c4ab985e372113dbfd0a8192fbd8629bface9bb",
                "shasum": ""
            },
            "require": {
                "php": ">=5.3.2"
            },
            "type": "library",
            "autoload": {
                "psr-0": {
                    "Sabberworm\\CSS": "lib/"
                }
            },
            "notification-url": "https://packagist.org/downloads/",
            "license": [
                "MIT"
            ],
            "authors": [
                {
                    "name": "Raphael Schweikert"
                }
            ],
            "description": "Parser for CSS Files written in PHP",
            "homepage": "http://www.sabberworm.com/blog/2010/6/10/php-css-parser",
            "keywords": [
                "css",
                "parser",
                "stylesheet"
            ],
            "time": "2014-04-24 18:00:51"
        },
        {
            "name": "symfony/process",
            "version": "2.5.x-dev",
            "target-dir": "Symfony/Component/Process",
            "source": {
                "type": "git",
                "url": "https://github.com/symfony/Process.git",
                "reference": "5d7d78e23894544740219e006320678cfa4cd45b"
            },
            "dist": {
                "type": "zip",
                "url": "https://api.github.com/repos/symfony/Process/zipball/5d7d78e23894544740219e006320678cfa4cd45b",
                "reference": "5d7d78e23894544740219e006320678cfa4cd45b",
                "shasum": ""
            },
            "require": {
                "php": ">=5.3.3"
            },
            "type": "library",
            "extra": {
                "branch-alias": {
                    "dev-master": "2.5-dev"
                }
            },
            "autoload": {
                "psr-0": {
                    "Symfony\\Component\\Process\\": ""
                }
            },
            "notification-url": "https://packagist.org/downloads/",
            "license": [
                "MIT"
            ],
            "authors": [
                {
                    "name": "Fabien Potencier",
                    "email": "fabien@symfony.com",
                    "homepage": "http://fabien.potencier.org",
                    "role": "Lead Developer"
                },
                {
                    "name": "Symfony Community",
                    "homepage": "http://symfony.com/contributors"
                }
            ],
            "description": "Symfony Process Component",
            "homepage": "http://symfony.com",
            "time": "2014-05-23 09:02:52"
        },
        {
            "name": "symfony/stopwatch",
            "version": "dev-master",
            "target-dir": "Symfony/Component/Stopwatch",
            "source": {
                "type": "git",
                "url": "https://github.com/symfony/Stopwatch.git",
                "reference": "a9b9d810c3244749252722890de6b56713202c8c"
            },
            "dist": {
                "type": "zip",
                "url": "https://api.github.com/repos/symfony/Stopwatch/zipball/a9b9d810c3244749252722890de6b56713202c8c",
                "reference": "a9b9d810c3244749252722890de6b56713202c8c",
                "shasum": ""
            },
            "require": {
                "php": ">=5.3.3"
            },
            "type": "library",
            "extra": {
                "branch-alias": {
                    "dev-master": "2.6-dev"
                }
            },
            "autoload": {
                "psr-0": {
                    "Symfony\\Component\\Stopwatch\\": ""
                }
            },
            "notification-url": "https://packagist.org/downloads/",
            "license": [
                "MIT"
            ],
            "authors": [
                {
                    "name": "Fabien Potencier",
                    "email": "fabien@symfony.com",
                    "homepage": "http://fabien.potencier.org",
                    "role": "Lead Developer"
                },
                {
                    "name": "Symfony Community",
                    "homepage": "http://symfony.com/contributors"
                }
            ],
            "description": "Symfony Stopwatch Component",
            "homepage": "http://symfony.com",
            "time": "2014-06-06 03:26:07"
        },
        {
            "name": "tecnick.com/tcpdf",
            "version": "6.0.083",
            "source": {
                "type": "git",
                "url": "git://git.code.sf.net/p/tcpdf/code",
                "reference": "d6a2206ab366f493680a22151429f17fd045fe04"
            },
            "require": {
                "php": ">=5.3.0"
            },
            "type": "library",
            "autoload": {
                "classmap": [
                    "fonts",
                    "config",
                    "include",
                    "tcpdf.php",
                    "tcpdf_parser.php",
                    "tcpdf_import.php",
                    "tcpdf_barcodes_1d.php",
                    "tcpdf_barcodes_2d.php",
                    "include/tcpdf_colors.php",
                    "include/tcpdf_filters.php",
                    "include/tcpdf_font_data.php",
                    "include/tcpdf_fonts.php",
                    "include/tcpdf_images.php",
                    "include/tcpdf_static.php",
                    "include/barcodes/datamatrix.php",
                    "include/barcodes/pdf417.php",
                    "include/barcodes/qrcode.php"
                ]
            },
            "notification-url": "https://packagist.org/downloads/",
            "license": [
                "LGPLv3"
            ],
            "authors": [
                {
                    "name": "Nicola Asuni",
                    "email": "info@tecnick.com",
                    "homepage": "http://nicolaasuni.tecnick.com"
                }
            ],
            "description": "TCPDF is a PHP class for generating PDF documents.",
            "homepage": "http://www.tcpdf.org/",
            "keywords": [
                "PDFD32000-2008",
                "TCPDF",
                "barcodes",
                "datamatrix",
                "pdf",
                "pdf417",
                "qrcode"
            ],
            "time": "2014-05-29 18:28:56"
        }
    ],
    "packages-dev": [],
    "aliases": [],
    "minimum-stability": "stable",
    "stability-flags": {
        "symfony/process": 20,
        "symfony/stopwatch": 20,
        "sabberworm/php-css-parser": 20,
        "flatplane/bibtexparser": 20
    },
    "platform": {
        "php": ">=5.5",
        "ext-curl": "*"
    },
    "platform-dev": []
}
